
Microsoft Visual Studio Solution File, Format Version 12.00
# Visual Studio Version 17
VisualStudioVersion = 17.10.35013.160
MinimumVisualStudioVersion = 10.0.40219.1
Project("{FAE04EC0-301F-11D3-BF4B-00C04F79EFBC}") = "test0024", "test0024\test0024.csproj", "{CD2C4933-7780-4EAF-A73F-72CF11113683}"
EndProject
Global
	GlobalSection(SolutionConfigurationPlatforms) = preSolution
		Debug|Any CPU = Debug|Any CPU
		Release|Any CPU = Release|Any CPU
	EndGlobalSection
	GlobalSection(ProjectConfigurationPlatforms) = postSolution
		{CD2C4933-7780-4EAF-A73F-72CF11113683}.Debug|Any CPU.ActiveCfg = Debug|Any CPU
		{CD2C4933-7780-4EAF-A73F-72CF11113683}.Debug|Any CPU.Build.0 = Debug|Any CPU
		{CD2C4933-7780-4EAF-A73F-72CF11113683}.Release|Any CPU.ActiveCfg = Release|Any CPU
		{CD2C4933-7780-4EAF-A73F-72CF11113683}.Release|Any CPU.Build.0 = Release|Any CPU
	EndGlobalSection
	GlobalSection(SolutionProperties) = preSolution
		HideSolutionNode = FALSE
	EndGlobalSection
	GlobalSection(ExtensibilityGlobals) = postSolution
		SolutionGuid = {7CDB196F-44D4-4998-98A0-3DBC7F4CDF93}
	EndGlobalSection
EndGlobal
